// !$*UTF8*$!
{
	archiveVersion = 1;
	classes = {
	};
	objectVersion = 55;
	objects = {

/* Begin PBXBuildFile section */
		21637EB4272CF12400B9ED4A /* AppDelegate.swift in Sources */ = {isa = PBXBuildFile; fileRef = 21637EB3272CF12400B9ED4A /* AppDelegate.swift */; };
		21637EB6272CF12400B9ED4A /* SceneDelegate.swift in Sources */ = {isa = PBXBuildFile; fileRef = 21637EB5272CF12400B9ED4A /* SceneDelegate.swift */; };
		21637EB8272CF12400B9ED4A /* ViewController.swift in Sources */ = {isa = PBXBuildFile; fileRef = 21637EB7272CF12400B9ED4A /* ViewController.swift */; };
		21637EBB272CF12400B9ED4A /* Main.storyboard in Resources */ = {isa = PBXBuildFile; fileRef = 21637EB9272CF12400B9ED4A /* Main.storyboard */; };
		21637EBD272CF12600B9ED4A /* Assets.xcassets in Resources */ = {isa = PBXBuildFile; fileRef = 21637EBC272CF12600B9ED4A /* Assets.xcassets */; };
		21637EC0272CF12600B9ED4A /* LaunchScreen.storyboard in Resources */ = {isa = PBXBuildFile; fileRef = 21637EBE272CF12600B9ED4A /* LaunchScreen.storyboard */; };
		21637EC9272DE1B300B9ED4A /* Concentration.swift in Sources */ = {isa = PBXBuildFile; fileRef = 21637EC8272DE1B300B9ED4A /* Concentration.swift */; };
		21637F2F272FA64D00B9ED4A /* Logger.swift in Sources */ = {isa = PBXBuildFile; fileRef = 21637F2E272FA64D00B9ED4A /* Logger.swift */; };
/* End PBXBuildFile section */

/* Begin PBXFileReference section */
		21637EB0272CF12400B9ED4A /* ConcentrationApp.app */ = {isa = PBXFileReference; explicitFileType = wrapper.application; includeInIndex = 0; path = ConcentrationApp.app; sourceTree = BUILT_PRODUCTS_DIR; };
		21637EB3272CF12400B9ED4A /* AppDelegate.swift */ = {isa = PBXFileReference; lastKnownFileType = sourcecode.swift; path = AppDelegate.swift; sourceTree = "<group>"; };
		21637EB5272CF12400B9ED4A /* SceneDelegate.swift */ = {isa = PBXFileReference; lastKnownFileType = sourcecode.swift; path = SceneDelegate.swift; sourceTree = "<group>"; };
		21637EB7272CF12400B9ED4A /* ViewController.swift */ = {isa = PBXFileReference; lastKnownFileType = sourcecode.swift; path = ViewController.swift; sourceTree = "<group>"; };
		21637EBA272CF12400B9ED4A /* Base */ = {isa = PBXFileReference; lastKnownFileType = file.storyboard; name = Base; path = Base.lproj/Main.storyboard; sourceTree = "<group>"; };
		21637EBC272CF12600B9ED4A /* Assets.xcassets */ = {isa = PBXFileReference; lastKnownFileType = folder.assetcatalog; path = Assets.xcassets; sourceTree = "<group>"; };
		21637EBF272CF12600B9ED4A /* Base */ = {isa = PBXFileReference; lastKnownFileType = file.storyboard; name = Base; path = Base.lproj/LaunchScreen.storyboard; sourceTree = "<group>"; };
		21637EC1272CF12600B9ED4A /* Info.plist */ = {isa = PBXFileReference; lastKnownFileType = text.plist.xml; path = Info.plist; sourceTree = "<group>"; };
		21637EC8272DE1B300B9ED4A /* Concentration.swift */ = {isa = PBXFileReference; lastKnownFileType = sourcecode.swift; path = Concentration.swift; sourceTree = "<group>"; };
		21637ECB272DE22500B9ED4A /* README.md */ = {isa = PBXFileReference; lastKnownFileType = net.daringfireball.markdown; path = README.md; sourceTree = "<group>"; };
		21637F2E272FA64D00B9ED4A /* Logger.swift */ = {isa = PBXFileReference; lastKnownFileType = sourcecode.swift; path = Logger.swift; sourceTree = "<group>"; };
/* End PBXFileReference section */

/* Begin PBXFrameworksBuildPhase section */
		21637EAD272CF12400B9ED4A /* Frameworks */ = {
			isa = PBXFrameworksBuildPhase;
			buildActionMask = 2147483647;
			files = (
			);
			runOnlyForDeploymentPostprocessing = 0;
		};
/* End PBXFrameworksBuildPhase section */

/* Begin PBXGroup section */
		21637EA7272CF12400B9ED4A = {
			isa = PBXGroup;
			children = (
				21637ECB272DE22500B9ED4A /* README.md */,
				21637EB2272CF12400B9ED4A /* ConcentrationApp */,
				21637EB1272CF12400B9ED4A /* Products */,
			);
			sourceTree = "<group>";
		};
		21637EB1272CF12400B9ED4A /* Products */ = {
			isa = PBXGroup;
			children = (
				21637EB0272CF12400B9ED4A /* ConcentrationApp.app */,
			);
			name = Products;
			sourceTree = "<group>";
		};
		21637EB2272CF12400B9ED4A /* ConcentrationApp */ = {
			isa = PBXGroup;
			children = (
				21637EC7272CF17C00B9ED4A /* Supporting Files */,
				21637EB7272CF12400B9ED4A /* ViewController.swift */,
				21637ECA272DE1B800B9ED4A /* Model */,
				21637EB9272CF12400B9ED4A /* Main.storyboard */,
				21637EC1272CF12600B9ED4A /* Info.plist */,
				21637F2E272FA64D00B9ED4A /* Logger.swift */,
			);
			path = ConcentrationApp;
			sourceTree = "<group>";
		};
		21637EC7272CF17C00B9ED4A /* Supporting Files */ = {
			isa = PBXGroup;
			children = (
				21637EB3272CF12400B9ED4A /* AppDelegate.swift */,
				21637EB5272CF12400B9ED4A /* SceneDelegate.swift */,
				21637EBC272CF12600B9ED4A /* Assets.xcassets */,
				21637EBE272CF12600B9ED4A /* LaunchScreen.storyboard */,
			);
			path = "Supporting Files";
			sourceTree = "<group>";
		};
		21637ECA272DE1B800B9ED4A /* Model */ = {
			isa = PBXGroup;
			children = (
				21637EC8272DE1B300B9ED4A /* Concentration.swift */,
			);
			path = Model;
			sourceTree = "<group>";
		};
/* End PBXGroup section */

/* Begin PBXNativeTarget section */
		21637EAF272CF12400B9ED4A /* ConcentrationApp */ = {
			isa = PBXNativeTarget;
			buildConfigurationList = 21637EC4272CF12600B9ED4A /* Build configuration list for PBXNativeTarget "ConcentrationApp" */;
			buildPhases = (
				21637EAC272CF12400B9ED4A /* Sources */,
				21637EAD272CF12400B9ED4A /* Frameworks */,
				21637EAE272CF12400B9ED4A /* Resources */,
			);
			buildRules = (
			);
			dependencies = (
			);
			name = ConcentrationApp;
			productName = ConcentrationApp;
			productReference = 21637EB0272CF12400B9ED4A /* ConcentrationApp.app */;
			productType = "com.apple.product-type.application";
		};
/* End PBXNativeTarget section */

/* Begin PBXProject section */
		21637EA8272CF12400B9ED4A /* Project object */ = {
			isa = PBXProject;
			attributes = {
				BuildIndependentTargetsInParallel = 1;
				LastSwiftUpdateCheck = 1300;
				LastUpgradeCheck = 1300;
				TargetAttributes = {
					21637EAF272CF12400B9ED4A = {
						CreatedOnToolsVersion = 13.0;
					};
				};
			};
			buildConfigurationList = 21637EAB272CF12400B9ED4A /* Build configuration list for PBXProject "ConcentrationApp" */;
			compatibilityVersion = "Xcode 13.0";
			developmentRegion = en;
			hasScannedForEncodings = 0;
			knownRegions = (
				en,
				Base,
			);
			mainGroup = 21637EA7272CF12400B9ED4A;
			productRefGroup = 21637EB1272CF12400B9ED4A /* Products */;
			projectDirPath = "";
			projectRoot = "";
			targets = (
				21637EAF272CF12400B9ED4A /* ConcentrationApp */,
			);
		};
/* End PBXProject section */

/* Begin PBXResourcesBuildPhase section */
		21637EAE272CF12400B9ED4A /* Resources */ = {
			isa = PBXResourcesBuildPhase;
			buildActionMask = 2147483647;
			files = (
				21637EC0272CF12600B9ED4A /* LaunchScreen.storyboard in Resources */,
				21637EBD272CF12600B9ED4A /* Assets.xcassets in Resources */,
				21637EBB272CF12400B9ED4A /* Main.storyboard in Resources */,
			);
			runOnlyForDeploymentPostprocessing = 0;
		};
/* End PBXResourcesBuildPhase section */

/* Begin PBXSourcesBuildPhase section */
		21637EAC272CF12400B9ED4A /* Sources */ = {
			isa = PBXSourcesBuildPhase;
			buildActionMask = 2147483647;
			files = (
				21637F2F272FA64D00B9ED4A /* Logger.swift in Sources */,
				21637EB8272CF12400B9ED4A /* ViewController.swift in Sources */,
				21637EC9272DE1B300B9ED4A /* Concentration.swift in Sources */,
				21637EB4272CF12400B9ED4A /* AppDelegate.swift in Sources */,
				21637EB6272CF12400B9ED4A /* SceneDelegate.swift in Sources */,
			);
			runOnlyForDeploymentPostprocessing = 0;
		};
/* End PBXSourcesBuildPhase section */

/* Begin PBXVariantGroup section */
		21637EB9272CF12400B9ED4A /* Main.storyboard */ = {
			isa = PBXVariantGroup;
			children = (
				21637EBA272CF12400B9ED4A /* Base */,
			);
			name = Main.storyboard;
			sourceTree = "<group>";
		};
		21637EBE272CF12600B9ED4A /* LaunchScreen.storyboard */ = {
			isa = PBXVariantGroup;
			children = (
				21637EBF272CF12600B9ED4A /* Base */,
			);
			name = LaunchScreen.storyboard;
			sourceTree = "<group>";
		};
/* End PBXVariantGroup section */

/* Begin XCBuildConfiguration section */
		21637EC2272CF12600B9ED4A /* Debug */ = {
			isa = XCBuildConfiguration;
			buildSettings = {
				ALWAYS_SEARCH_USER_PATHS = NO;
				CLANG_ANALYZER_NONNULL = YES;
				CLANG_ANALYZER_NUMBER_OBJECT_CONVERSION = YES_AGGRESSIVE;
				CLANG_CXX_LANGUAGE_STANDARD = "gnu++17";
				CLANG_CXX_LIBRARY = "libc++";
				CLANG_ENABLE_MODULES = YES;
				CLANG_ENABLE_OBJC_ARC = YES;
				CLANG_ENABLE_OBJC_WEAK = YES;
				CLANG_WARN_BLOCK_CAPTURE_AUTORELEASING = YES;
				CLANG_WARN_BOOL_CONVERSION = YES;
				CLANG_WARN_COMMA = YES;
				CLANG_WARN_CONSTANT_CONVERSION = YES;
				CLANG_WARN_DEPRECATED_OBJC_IMPLEMENTATIONS = YES;
				CLANG_WARN_DIRECT_OBJC_ISA_USAGE = YES_ERROR;
				CLANG_WARN_DOCUMENTATION_COMMENTS = YES;
				CLANG_WARN_EMPTY_BODY = YES;
				CLANG_WARN_ENUM_CONVERSION = YES;
				CLANG_WARN_INFINITE_RECURSION = YES;
				CLANG_WARN_INT_CONVERSION = YES;
				CLANG_WARN_NON_LITERAL_NULL_CONVERSION = YES;
				CLANG_WARN_OBJC_IMPLICIT_RETAIN_SELF = YES;
				CLANG_WARN_OBJC_LITERAL_CONVERSION = YES;
				CLANG_WARN_OBJC_ROOT_CLASS = YES_ERROR;
				CLANG_WARN_QUOTED_INCLUDE_IN_FRAMEWORK_HEADER = YES;
				CLANG_WARN_RANGE_LOOP_ANALYSIS = YES;
				CLANG_WARN_STRICT_PROTOTYPES = YES;
				CLANG_WARN_SUSPICIOUS_MOVE = YES;
				CLANG_WARN_UNGUARDED_AVAILABILITY = YES_AGGRESSIVE;
				CLANG_WARN_UNREACHABLE_CODE = YES;
				CLANG_WARN__DUPLICATE_METHOD_MATCH = YES;
				COPY_PHASE_STRIP = NO;
				DEBUG_INFORMATION_FORMAT = dwarf;
				ENABLE_STRICT_OBJC_MSGSEND = YES;
				ENABLE_TESTABILITY = YES;
				GCC_C_LANGUAGE_STANDARD = gnu11;
				GCC_DYNAMIC_NO_PIC = NO;
				GCC_NO_COMMON_BLOCKS = YES;
				GCC_OPTIMIZATION_LEVEL = 0;
				GCC_PREPROCESSOR_DEFINITIONS = (
					"DEBUG=1",
					"$(inherited)",
				);
				GCC_WARN_64_TO_32_BIT_CONVERSION = YES;
				GCC_WARN_ABOUT_RETURN_TYPE = YES_ERROR;
				GCC_WARN_UNDECLARED_SELECTOR = YES;
				GCC_WARN_UNINITIALIZED_AUTOS = YES_AGGRESSIVE;
				GCC_WARN_UNUSED_FUNCTION = YES;
				GCC_WARN_UNUSED_VARIABLE = YES;
				IPHONEOS_DEPLOYMENT_TARGET = 15.0;
				MTL_ENABLE_DEBUG_INFO = INCLUDE_SOURCE;
				MTL_FAST_MATH = YES;
				ONLY_ACTIVE_ARCH = YES;
				SDKROOT = iphoneos;
				SWIFT_ACTIVE_COMPILATION_CONDITIONS = DEBUG;
				SWIFT_OPTIMIZATION_LEVEL = "-Onone";
			};
			name = Debug;
		};
		21637EC3272CF12600B9ED4A /* Release */ = {
			isa = XCBuildConfiguration;
			buildSettings = {
				ALWAYS_SEARCH_USER_PATHS = NO;
				CLANG_ANALYZER_NONNULL = YES;
				CLANG_ANALYZER_NUMBER_OBJECT_CONVERSION = YES_AGGRESSIVE;
				CLANG_CXX_LANGUAGE_STANDARD = "gnu++17";
				CLANG_CXX_LIBRARY = "libc++";
				CLANG_ENABLE_MODULES = YES;
				CLANG_ENABLE_OBJC_ARC = YES;
				CLANG_ENABLE_OBJC_WEAK = YES;
				CLANG_WARN_BLOCK_CAPTURE_AUTORELEASING = YES;
				CLANG_WARN_BOOL_CONVERSION = YES;
				CLANG_WARN_COMMA = YES;
				CLANG_WARN_CONSTANT_CONVERSION = YES;
				CLANG_WARN_DEPRECATED_OBJC_IMPLEMENTATIONS = YES;
				CLANG_WARN_DIRECT_OBJC_ISA_USAGE = YES_ERROR;
				CLANG_WARN_DOCUMENTATION_COMMENTS = YES;
				CLANG_WARN_EMPTY_BODY = YES;
				CLANG_WARN_ENUM_CONVERSION = YES;
				CLANG_WARN_INFINITE_RECURSION = YES;
				CLANG_WARN_INT_CONVERSION = YES;
				CLANG_WARN_NON_LITERAL_NULL_CONVERSION = YES;
				CLANG_WARN_OBJC_IMPLICIT_RETAIN_SELF = YES;
				CLANG_WARN_OBJC_LITERAL_CONVERSION = YES;
				CLANG_WARN_OBJC_ROOT_CLASS = YES_ERROR;
				CLANG_WARN_QUOTED_INCLUDE_IN_FRAMEWORK_HEADER = YES;
				CLANG_WARN_RANGE_LOOP_ANALYSIS = YES;
				CLANG_WARN_STRICT_PROTOTYPES = YES;
				CLANG_WARN_SUSPICIOUS_MOVE = YES;
				CLANG_WARN_UNGUARDED_AVAILABILITY = YES_AGGRESSIVE;
				CLANG_WARN_UNREACHABLE_CODE = YES;
				CLANG_WARN__DUPLICATE_METHOD_MATCH = YES;
				COPY_PHASE_STRIP = NO;
				DEBUG_INFORMATION_FORMAT = "dwarf-with-dsym";
				ENABLE_NS_ASSERTIONS = NO;
				ENABLE_STRICT_OBJC_MSGSEND = YES;
				GCC_C_LANGUAGE_STANDARD = gnu11;
				GCC_NO_COMMON_BLOCKS = YES;
				GCC_WARN_64_TO_32_BIT_CONVERSION = YES;
				GCC_WARN_ABOUT_RETURN_TYPE = YES_ERROR;
				GCC_WARN_UNDECLARED_SELECTOR = YES;
				GCC_WARN_UNINITIALIZED_AUTOS = YES_AGGRESSIVE;
				GCC_WARN_UNUSED_FUNCTION = YES;
				GCC_WARN_UNUSED_VARIABLE = YES;
				IPHONEOS_DEPLOYMENT_TARGET = 15.0;
				MTL_ENABLE_DEBUG_INFO = NO;
				MTL_FAST_MATH = YES;
				SDKROOT = iphoneos;
				SWIFT_COMPILATION_MODE = wholemodule;
				SWIFT_OPTIMIZATION_LEVEL = "-O";
				VALIDATE_PRODUCT = YES;
			};
			name = Release;
		};
		21637EC5272CF12600B9ED4A /* Debug */ = {
			isa = XCBuildConfiguration;
			buildSettings = {
				ASSETCATALOG_COMPILER_APPICON_NAME = AppIcon;
				ASSETCATALOG_COMPILER_GLOBAL_ACCENT_COLOR_NAME = AccentColor;
				CODE_SIGN_STYLE = Automatic;
				CURRENT_PROJECT_VERSION = 1;
				DEVELOPMENT_TEAM = QLJ84Q3ZSY;
				GENERATE_INFOPLIST_FILE = YES;
				INFOPLIST_FILE = ConcentrationApp/Info.plist;
				INFOPLIST_KEY_UIApplicationSupportsIndirectInputEvents = YES;
				INFOPLIST_KEY_UILaunchStoryboardName = LaunchScreen;
				INFOPLIST_KEY_UIMainStoryboardFile = Main;
				INFOPLIST_KEY_UISupportedInterfaceOrientations_iPad = "UIInterfaceOrientationPortrait UIInterfaceOrientationPortraitUpsideDown UIInterfaceOrientationLandscapeLeft UIInterfaceOrientationLandscapeRight";
				INFOPLIST_KEY_UISupportedInterfaceOrientations_iPhone = "UIInterfaceOrientationPortrait UIInterfaceOrientationLandscapeLeft UIInterfaceOrientationLandscapeRight";
				LD_RUNPATH_SEARCH_PATHS = (
					"$(inherited)",
					"@executable_path/Frameworks",
				);
				MARKETING_VERSION = 1.0;
				PRODUCT_BUNDLE_IDENTIFIER = com.aveldanov.ConcentrationApp;
				PRODUCT_NAME = "$(TARGET_NAME)";
				SWIFT_EMIT_LOC_STRINGS = YES;
				SWIFT_VERSION = 5.0;
				TARGETED_DEVICE_FAMILY = "1,2";
			};
			name = Debug;
		};
		21637EC6272CF12600B9ED4A /* Release */ = {
			isa = XCBuildConfiguration;
			buildSettings = {
				ASSETCATALOG_COMPILER_APPICON_NAME = AppIcon;
				ASSETCATALOG_COMPILER_GLOBAL_ACCENT_COLOR_NAME = AccentColor;
				CODE_SIGN_STYLE = Automatic;
				CURRENT_PROJECT_VERSION = 1;
				DEVELOPMENT_TEAM = QLJ84Q3ZSY;
				GENERATE_INFOPLIST_FILE = YES;
				INFOPLIST_FILE = ConcentrationApp/Info.plist;
				INFOPLIST_KEY_UIApplicationSupportsIndirectInputEvents = YES;
				INFOPLIST_KEY_UILaunchStoryboardName = LaunchScreen;
				INFOPLIST_KEY_UIMainStoryboardFile = Main;
				INFOPLIST_KEY_UISupportedInterfaceOrientations_iPad = "UIInterfaceOrientationPortrait UIInterfaceOrientationPortraitUpsideDown UIInterfaceOrientationLandscapeLeft UIInterfaceOrientationLandscapeRight";
				INFOPLIST_KEY_UISupportedInterfaceOrientations_iPhone = "UIInterfaceOrientationPortrait UIInterfaceOrientationLandscapeLeft UIInterfaceOrientationLandscapeRight";
				LD_RUNPATH_SEARCH_PATHS = (
					"$(inherited)",
					"@executable_path/Frameworks",
				);
				MARKETING_VERSION = 1.0;
				PRODUCT_BUNDLE_IDENTIFIER = com.aveldanov.ConcentrationApp;
				PRODUCT_NAME = "$(TARGET_NAME)";
				SWIFT_EMIT_LOC_STRINGS = YES;
				SWIFT_VERSION = 5.0;
				TARGETED_DEVICE_FAMILY = "1,2";
			};
			name = Release;
		};
/* End XCBuildConfiguration section */

/* Begin XCConfigurationList section */
		21637EAB272CF12400B9ED4A /* Build configuration list for PBXProject "ConcentrationApp" */ = {
			isa = XCConfigurationList;
			buildConfigurations = (
				21637EC2272CF12600B9ED4A /* Debug */,
				21637EC3272CF12600B9ED4A /* Release */,
			);
			defaultConfigurationIsVisible = 0;
			defaultConfigurationName = Release;
		};
		21637EC4272CF12600B9ED4A /* Build configuration list for PBXNativeTarget "ConcentrationApp" */ = {
			isa = XCConfigurationList;
			buildConfigurations = (
				21637EC5272CF12600B9ED4A /* Debug */,
				21637EC6272CF12600B9ED4A /* Release */,
			);
			defaultConfigurationIsVisible = 0;
			defaultConfigurationName = Release;
		};
/* End XCConfigurationList section */
	};
	rootObject = 21637EA8272CF12400B9ED4A /* Project object */;
}
